
Microsoft Visual Studio Solution File, Format Version 12.00
# Visual Studio Version 17
VisualStudioVersion = 17.3.32901.215
MinimumVisualStudioVersion = 10.0.40219.1
Project("{9A19103F-16F7-4668-BE54-9A1E7A4F7556}") = "TDD.NET6API.UnitTests", "TDD.NET6API.UnitTests\TDD.NET6API.UnitTests.csproj", "{7020AAD6-6B15-41BF-A23F-21F51182C8E5}"
EndProject
Project("{FAE04EC0-301F-11D3-BF4B-00C04F79EFBC}") = "TDD.NET6API", "TDD.NET6API\TDD.NET6API.csproj", "{F6AACAC1-F521-4EA2-9DC6-704A0E9BFDD3}"
EndProject
Global
	GlobalSection(SolutionConfigurationPlatforms) = preSolution
		Debug|Any CPU = Debug|Any CPU
		Release|Any CPU = Release|Any CPU
	EndGlobalSection
	GlobalSection(ProjectConfigurationPlatforms) = postSolution
		{7020AAD6-6B15-41BF-A23F-21F51182C8E5}.Debug|Any CPU.ActiveCfg = Debug|Any CPU
		{7020AAD6-6B15-41BF-A23F-21F51182C8E5}.Debug|Any CPU.Build.0 = Debug|Any CPU
		{7020AAD6-6B15-41BF-A23F-21F51182C8E5}.Release|Any CPU.ActiveCfg = Release|Any CPU
		{7020AAD6-6B15-41BF-A23F-21F51182C8E5}.Release|Any CPU.Build.0 = Release|Any CPU
		{F6AACAC1-F521-4EA2-9DC6-704A0E9BFDD3}.Debug|Any CPU.ActiveCfg = Debug|Any CPU
		{F6AACAC1-F521-4EA2-9DC6-704A0E9BFDD3}.Debug|Any CPU.Build.0 = Debug|Any CPU
		{F6AACAC1-F521-4EA2-9DC6-704A0E9BFDD3}.Release|Any CPU.ActiveCfg = Release|Any CPU
		{F6AACAC1-F521-4EA2-9DC6-704A0E9BFDD3}.Release|Any CPU.Build.0 = Release|Any CPU
	EndGlobalSection
	GlobalSection(SolutionProperties) = preSolution
		HideSolutionNode = FALSE
	EndGlobalSection
	GlobalSection(ExtensibilityGlobals) = postSolution
		SolutionGuid = {C0B9F549-1A79-4F25-959A-2DAC6770329A}
	EndGlobalSection
EndGlobal
